
Microsoft Visual Studio Solution File, Format Version 12.00
# Visual Studio Version 17
VisualStudioVersion = 17.7.34031.279
MinimumVisualStudioVersion = 10.0.40219.1
Project("{2150E333-8FDC-42A3-9474-1A3956D46DE8}") = "src", "src", "{628D8614-E458-44AB-8DEE-65492A2D7BF7}"
EndProject
Project("{2150E333-8FDC-42A3-9474-1A3956D46DE8}") = "docker", "docker", "{42D69E99-6A4B-433F-9548-F749C32364EA}"
	ProjectSection(SolutionItems) = preProject
		docker\docker_infrastructure.yml = docker\docker_infrastructure.yml
	EndProjectSection
EndProject
Project("{FAE04EC0-301F-11D3-BF4B-00C04F79EFBC}") = "ResponseCaching.API", "src\ResponseCaching.API\ResponseCaching.API.csproj", "{0DA4C648-6727-4698-8784-3B4A04A50F76}"
EndProject
Global
	GlobalSection(SolutionConfigurationPlatforms) = preSolution
		Debug|Any CPU = Debug|Any CPU
		Release|Any CPU = Release|Any CPU
	EndGlobalSection
	GlobalSection(ProjectConfigurationPlatforms) = postSolution
		{0DA4C648-6727-4698-8784-3B4A04A50F76}.Debug|Any CPU.ActiveCfg = Debug|Any CPU
		{0DA4C648-6727-4698-8784-3B4A04A50F76}.Debug|Any CPU.Build.0 = Debug|Any CPU
		{0DA4C648-6727-4698-8784-3B4A04A50F76}.Release|Any CPU.ActiveCfg = Release|Any CPU
		{0DA4C648-6727-4698-8784-3B4A04A50F76}.Release|Any CPU.Build.0 = Release|Any CPU
	EndGlobalSection
	GlobalSection(SolutionProperties) = preSolution
		HideSolutionNode = FALSE
	EndGlobalSection
	GlobalSection(NestedProjects) = preSolution
		{0DA4C648-6727-4698-8784-3B4A04A50F76} = {628D8614-E458-44AB-8DEE-65492A2D7BF7}
	EndGlobalSection
	GlobalSection(ExtensibilityGlobals) = postSolution
		SolutionGuid = {17B96B84-3038-43E5-800E-4BD2DF5BBDF6}
	EndGlobalSection
EndGlobal
